
Microsoft Visual Studio Solution File, Format Version 12.00
# Visual Studio Version 17
VisualStudioVersion = 17.7.34202.233
MinimumVisualStudioVersion = 10.0.40219.1
Project("{FAE04EC0-301F-11D3-BF4B-00C04F79EFBC}") = "Resize-Method", "Resize-Method\Resize-Method.csproj", "{C011E1B2-4342-4DC0-BB7B-F247F8978636}"
EndProject
Global
	GlobalSection(SolutionConfigurationPlatforms) = preSolution
		Debug|Any CPU = Debug|Any CPU
		Release|Any CPU = Release|Any CPU
	EndGlobalSection
	GlobalSection(ProjectConfigurationPlatforms) = postSolution
		{C011E1B2-4342-4DC0-BB7B-F247F8978636}.Debug|Any CPU.ActiveCfg = Debug|Any CPU
		{C011E1B2-4342-4DC0-BB7B-F247F8978636}.Debug|Any CPU.Build.0 = Debug|Any CPU
		{C011E1B2-4342-4DC0-BB7B-F247F8978636}.Release|Any CPU.ActiveCfg = Release|Any CPU
		{C011E1B2-4342-4DC0-BB7B-F247F8978636}.Release|Any CPU.Build.0 = Release|Any CPU
	EndGlobalSection
	GlobalSection(SolutionProperties) = preSolution
		HideSolutionNode = FALSE
	EndGlobalSection
	GlobalSection(ExtensibilityGlobals) = postSolution
		SolutionGuid = {F488C1E9-7F8A-4BE0-9E0D-85C50918F7C5}
	EndGlobalSection
EndGlobal
